// !$*UTF8*$!
{
	archiveVersion = 1;
	classes = {
	};
	objectVersion = 48;
	objects = {

/* Begin PBXBuildFile section */
		1F4617C91FD2DAAA000C3FBC /* AppDelegate.swift in Sources */ = {isa = PBXBuildFile; fileRef = 1F4617C81FD2DAAA000C3FBC /* AppDelegate.swift */; };
		1F4617CB1FD2DAAA000C3FBC /* SignUpController.swift in Sources */ = {isa = PBXBuildFile; fileRef = 1F4617CA1FD2DAAA000C3FBC /* SignUpController.swift */; };
		1F4617CE1FD2DAAA000C3FBC /* Main.storyboard in Resources */ = {isa = PBXBuildFile; fileRef = 1F4617CC1FD2DAAA000C3FBC /* Main.storyboard */; };
		1F4617D01FD2DAAA000C3FBC /* Assets.xcassets in Resources */ = {isa = PBXBuildFile; fileRef = 1F4617CF1FD2DAAA000C3FBC /* Assets.xcassets */; };
		1F4617D31FD2DAAA000C3FBC /* LaunchScreen.storyboard in Resources */ = {isa = PBXBuildFile; fileRef = 1F4617D11FD2DAAA000C3FBC /* LaunchScreen.storyboard */; };
		1F4617DC1FD2F3C9000C3FBC /* Extensions.swift in Sources */ = {isa = PBXBuildFile; fileRef = 1F4617DB1FD2F3C9000C3FBC /* Extensions.swift */; };
		1F4617DE1FD35534000C3FBC /* GoogleService-Info.plist in Resources */ = {isa = PBXBuildFile; fileRef = 1F4617DD1FD35533000C3FBC /* GoogleService-Info.plist */; };
		1F4617E01FD41A53000C3FBC /* MainTabBarController.swift in Sources */ = {isa = PBXBuildFile; fileRef = 1F4617DF1FD41A53000C3FBC /* MainTabBarController.swift */; };
		1F4617E21FD41B5A000C3FBC /* UserProfileController.swift in Sources */ = {isa = PBXBuildFile; fileRef = 1F4617E11FD41B5A000C3FBC /* UserProfileController.swift */; };
		1F4617E51FD43535000C3FBC /* UserProfileHeader.swift in Sources */ = {isa = PBXBuildFile; fileRef = 1F4617E41FD43535000C3FBC /* UserProfileHeader.swift */; };
		1F7EFD7F2005862100BBE269 /* CommentInputAccessoryView.swift in Sources */ = {isa = PBXBuildFile; fileRef = 1F7EFD7E2005862100BBE269 /* CommentInputAccessoryView.swift */; };
		1F98F04C2010195600E5B032 /* CommentInputTextView.swift in Sources */ = {isa = PBXBuildFile; fileRef = 1F98F04B2010195600E5B032 /* CommentInputTextView.swift */; };
		1FB9417B1FE1948B0064B3D7 /* CameraController.swift in Sources */ = {isa = PBXBuildFile; fileRef = 1FB9417A1FE1948A0064B3D7 /* CameraController.swift */; };
		1FB9417D1FE301760064B3D7 /* PreviewPhotoContainerView.swift in Sources */ = {isa = PBXBuildFile; fileRef = 1FB9417C1FE301760064B3D7 /* PreviewPhotoContainerView.swift */; };
		1FB9417F1FE348FC0064B3D7 /* CustomAnimationPresentor.swift in Sources */ = {isa = PBXBuildFile; fileRef = 1FB9417E1FE348FC0064B3D7 /* CustomAnimationPresentor.swift */; };
		1FB941811FE350FB0064B3D7 /* CustomAnimationDismisser.swift in Sources */ = {isa = PBXBuildFile; fileRef = 1FB941801FE350FB0064B3D7 /* CustomAnimationDismisser.swift */; };
		1FB941831FE439EE0064B3D7 /* CommentsController.swift in Sources */ = {isa = PBXBuildFile; fileRef = 1FB941821FE439EE0064B3D7 /* CommentsController.swift */; };
		1FB941851FE5ACBC0064B3D7 /* CommentCell.swift in Sources */ = {isa = PBXBuildFile; fileRef = 1FB941841FE5ACBC0064B3D7 /* CommentCell.swift */; };
		1FB941871FE5B0280064B3D7 /* Comment.swift in Sources */ = {isa = PBXBuildFile; fileRef = 1FB941861FE5B0280064B3D7 /* Comment.swift */; };
		1FE3BEE81FD61DA700D60353 /* LoginController.swift in Sources */ = {isa = PBXBuildFile; fileRef = 1FE3BEE71FD61DA700D60353 /* LoginController.swift */; };
		1FE3BEEB1FD76F2F00D60353 /* PhotoSelectorController.swift in Sources */ = {isa = PBXBuildFile; fileRef = 1FE3BEEA1FD76F2F00D60353 /* PhotoSelectorController.swift */; };
		1FE3BEED1FD842FD00D60353 /* PhotoSelectorCell.swift in Sources */ = {isa = PBXBuildFile; fileRef = 1FE3BEEC1FD842FD00D60353 /* PhotoSelectorCell.swift */; };
		1FE3BEEF1FD8495100D60353 /* PhotoSelectorHeader.swift in Sources */ = {isa = PBXBuildFile; fileRef = 1FE3BEEE1FD8495100D60353 /* PhotoSelectorHeader.swift */; };
		1FE3BEF11FDABEBF00D60353 /* SharePhotoController.swift in Sources */ = {isa = PBXBuildFile; fileRef = 1FE3BEF01FDABEBE00D60353 /* SharePhotoController.swift */; };
		1FE3BEF41FDB40CB00D60353 /* Post.swift in Sources */ = {isa = PBXBuildFile; fileRef = 1FE3BEF31FDB40CB00D60353 /* Post.swift */; };
		1FE3BEF61FDB42AA00D60353 /* UserProfilePhotoCell.swift in Sources */ = {isa = PBXBuildFile; fileRef = 1FE3BEF51FDB42AA00D60353 /* UserProfilePhotoCell.swift */; };
		1FE3BEF81FDB4E4C00D60353 /* CustomImageView.swift in Sources */ = {isa = PBXBuildFile; fileRef = 1FE3BEF71FDB4E4C00D60353 /* CustomImageView.swift */; };
		1FE3BEFB1FDBFD7400D60353 /* HomeController.swift in Sources */ = {isa = PBXBuildFile; fileRef = 1FE3BEFA1FDBFD7400D60353 /* HomeController.swift */; };
		1FE3BEFD1FDC024C00D60353 /* HomePostCell.swift in Sources */ = {isa = PBXBuildFile; fileRef = 1FE3BEFC1FDC024C00D60353 /* HomePostCell.swift */; };
		1FE3BEFF1FDCC39600D60353 /* User.swift in Sources */ = {isa = PBXBuildFile; fileRef = 1FE3BEFE1FDCC39600D60353 /* User.swift */; };
		1FE3BF011FDD66FC00D60353 /* FirebaseUtils.swift in Sources */ = {isa = PBXBuildFile; fileRef = 1FE3BF001FDD66FC00D60353 /* FirebaseUtils.swift */; };
		1FE3BF041FDD711F00D60353 /* UserSearchController.swift in Sources */ = {isa = PBXBuildFile; fileRef = 1FE3BF031FDD711F00D60353 /* UserSearchController.swift */; };
		1FE3BF061FDD780500D60353 /* UserSearchCell.swift in Sources */ = {isa = PBXBuildFile; fileRef = 1FE3BF051FDD780500D60353 /* UserSearchCell.swift */; };
		37E674DBB1828F288291AE04 /* Pods_InstagramClone.framework in Frameworks */ = {isa = PBXBuildFile; fileRef = D89228C28093BE4A79DF5AD3 /* Pods_InstagramClone.framework */; };
/* End PBXBuildFile section */

/* Begin PBXFileReference section */
		1F4617C51FD2DAAA000C3FBC /* InstagramClone.app */ = {isa = PBXFileReference; explicitFileType = wrapper.application; includeInIndex = 0; path = InstagramClone.app; sourceTree = BUILT_PRODUCTS_DIR; };
		1F4617C81FD2DAAA000C3FBC /* AppDelegate.swift */ = {isa = PBXFileReference; lastKnownFileType = sourcecode.swift; path = AppDelegate.swift; sourceTree = "<group>"; };
		1F4617CA1FD2DAAA000C3FBC /* SignUpController.swift */ = {isa = PBXFileReference; lastKnownFileType = sourcecode.swift; path = SignUpController.swift; sourceTree = "<group>"; };
		1F4617CD1FD2DAAA000C3FBC /* Base */ = {isa = PBXFileReference; lastKnownFileType = file.storyboard; name = Base; path = Base.lproj/Main.storyboard; sourceTree = "<group>"; };
		1F4617CF1FD2DAAA000C3FBC /* Assets.xcassets */ = {isa = PBXFileReference; lastKnownFileType = folder.assetcatalog; path = Assets.xcassets; sourceTree = "<group>"; };
		1F4617D21FD2DAAA000C3FBC /* Base */ = {isa = PBXFileReference; lastKnownFileType = file.storyboard; name = Base; path = Base.lproj/LaunchScreen.storyboard; sourceTree = "<group>"; };
		1F4617D41FD2DAAA000C3FBC /* Info.plist */ = {isa = PBXFileReference; lastKnownFileType = text.plist.xml; path = Info.plist; sourceTree = "<group>"; };
		1F4617DB1FD2F3C9000C3FBC /* Extensions.swift */ = {isa = PBXFileReference; lastKnownFileType = sourcecode.swift; path = Extensions.swift; sourceTree = "<group>"; };
		1F4617DD1FD35533000C3FBC /* GoogleService-Info.plist */ = {isa = PBXFileReference; fileEncoding = 4; lastKnownFileType = text.plist.xml; path = "GoogleService-Info.plist"; sourceTree = "<group>"; };
		1F4617DF1FD41A53000C3FBC /* MainTabBarController.swift */ = {isa = PBXFileReference; lastKnownFileType = sourcecode.swift; path = MainTabBarController.swift; sourceTree = "<group>"; };
		1F4617E11FD41B5A000C3FBC /* UserProfileController.swift */ = {isa = PBXFileReference; lastKnownFileType = sourcecode.swift; path = UserProfileController.swift; sourceTree = "<group>"; };
		1F4617E41FD43535000C3FBC /* UserProfileHeader.swift */ = {isa = PBXFileReference; lastKnownFileType = sourcecode.swift; path = UserProfileHeader.swift; sourceTree = "<group>"; };
		1F7EFD7E2005862100BBE269 /* CommentInputAccessoryView.swift */ = {isa = PBXFileReference; lastKnownFileType = sourcecode.swift; path = CommentInputAccessoryView.swift; sourceTree = "<group>"; };
		1F98F04B2010195600E5B032 /* CommentInputTextView.swift */ = {isa = PBXFileReference; lastKnownFileType = sourcecode.swift; path = CommentInputTextView.swift; sourceTree = "<group>"; };
		1FB9417A1FE1948A0064B3D7 /* CameraController.swift */ = {isa = PBXFileReference; lastKnownFileType = sourcecode.swift; path = CameraController.swift; sourceTree = "<group>"; };
		1FB9417C1FE301760064B3D7 /* PreviewPhotoContainerView.swift */ = {isa = PBXFileReference; lastKnownFileType = sourcecode.swift; path = PreviewPhotoContainerView.swift; sourceTree = "<group>"; };
		1FB9417E1FE348FC0064B3D7 /* CustomAnimationPresentor.swift */ = {isa = PBXFileReference; lastKnownFileType = sourcecode.swift; path = CustomAnimationPresentor.swift; sourceTree = "<group>"; };
		1FB941801FE350FB0064B3D7 /* CustomAnimationDismisser.swift */ = {isa = PBXFileReference; lastKnownFileType = sourcecode.swift; path = CustomAnimationDismisser.swift; sourceTree = "<group>"; };
		1FB941821FE439EE0064B3D7 /* CommentsController.swift */ = {isa = PBXFileReference; lastKnownFileType = sourcecode.swift; path = CommentsController.swift; sourceTree = "<group>"; };
		1FB941841FE5ACBC0064B3D7 /* CommentCell.swift */ = {isa = PBXFileReference; lastKnownFileType = sourcecode.swift; path = CommentCell.swift; sourceTree = "<group>"; };
		1FB941861FE5B0280064B3D7 /* Comment.swift */ = {isa = PBXFileReference; lastKnownFileType = sourcecode.swift; path = Comment.swift; sourceTree = "<group>"; };
		1FE3BEE71FD61DA700D60353 /* LoginController.swift */ = {isa = PBXFileReference; lastKnownFileType = sourcecode.swift; path = LoginController.swift; sourceTree = "<group>"; };
		1FE3BEEA1FD76F2F00D60353 /* PhotoSelectorController.swift */ = {isa = PBXFileReference; lastKnownFileType = sourcecode.swift; path = PhotoSelectorController.swift; sourceTree = "<group>"; };
		1FE3BEEC1FD842FD00D60353 /* PhotoSelectorCell.swift */ = {isa = PBXFileReference; lastKnownFileType = sourcecode.swift; path = PhotoSelectorCell.swift; sourceTree = "<group>"; };
		1FE3BEEE1FD8495100D60353 /* PhotoSelectorHeader.swift */ = {isa = PBXFileReference; lastKnownFileType = sourcecode.swift; path = PhotoSelectorHeader.swift; sourceTree = "<group>"; };
		1FE3BEF01FDABEBE00D60353 /* SharePhotoController.swift */ = {isa = PBXFileReference; lastKnownFileType = sourcecode.swift; path = SharePhotoController.swift; sourceTree = "<group>"; };
		1FE3BEF31FDB40CB00D60353 /* Post.swift */ = {isa = PBXFileReference; lastKnownFileType = sourcecode.swift; path = Post.swift; sourceTree = "<group>"; };
		1FE3BEF51FDB42AA00D60353 /* UserProfilePhotoCell.swift */ = {isa = PBXFileReference; lastKnownFileType = sourcecode.swift; path = UserProfilePhotoCell.swift; sourceTree = "<group>"; };
		1FE3BEF71FDB4E4C00D60353 /* CustomImageView.swift */ = {isa = PBXFileReference; lastKnownFileType = sourcecode.swift; path = CustomImageView.swift; sourceTree = "<group>"; };
		1FE3BEFA1FDBFD7400D60353 /* HomeController.swift */ = {isa = PBXFileReference; lastKnownFileType = sourcecode.swift; path = HomeController.swift; sourceTree = "<group>"; };
		1FE3BEFC1FDC024C00D60353 /* HomePostCell.swift */ = {isa = PBXFileReference; lastKnownFileType = sourcecode.swift; path = HomePostCell.swift; sourceTree = "<group>"; };
		1FE3BEFE1FDCC39600D60353 /* User.swift */ = {isa = PBXFileReference; lastKnownFileType = sourcecode.swift; path = User.swift; sourceTree = "<group>"; };
		1FE3BF001FDD66FC00D60353 /* FirebaseUtils.swift */ = {isa = PBXFileReference; lastKnownFileType = sourcecode.swift; path = FirebaseUtils.swift; sourceTree = "<group>"; };
		1FE3BF031FDD711F00D60353 /* UserSearchController.swift */ = {isa = PBXFileReference; lastKnownFileType = sourcecode.swift; path = UserSearchController.swift; sourceTree = "<group>"; };
		1FE3BF051FDD780500D60353 /* UserSearchCell.swift */ = {isa = PBXFileReference; lastKnownFileType = sourcecode.swift; path = UserSearchCell.swift; sourceTree = "<group>"; };
		424F552A3AB49606C09B88D6 /* Pods-InstagramClone.debug.xcconfig */ = {isa = PBXFileReference; includeInIndex = 1; lastKnownFileType = text.xcconfig; name = "Pods-InstagramClone.debug.xcconfig"; path = "Pods/Target Support Files/Pods-InstagramClone/Pods-InstagramClone.debug.xcconfig"; sourceTree = "<group>"; };
		6249AE8F415305934D656F0D /* Pods-InstagramClone.release.xcconfig */ = {isa = PBXFileReference; includeInIndex = 1; lastKnownFileType = text.xcconfig; name = "Pods-InstagramClone.release.xcconfig"; path = "Pods/Target Support Files/Pods-InstagramClone/Pods-InstagramClone.release.xcconfig"; sourceTree = "<group>"; };
		D89228C28093BE4A79DF5AD3 /* Pods_InstagramClone.framework */ = {isa = PBXFileReference; explicitFileType = wrapper.framework; includeInIndex = 0; path = Pods_InstagramClone.framework; sourceTree = BUILT_PRODUCTS_DIR; };
/* End PBXFileReference section */

/* Begin PBXFrameworksBuildPhase section */
		1F4617C21FD2DAAA000C3FBC /* Frameworks */ = {
			isa = PBXFrameworksBuildPhase;
			buildActionMask = 2147483647;
			files = (
				37E674DBB1828F288291AE04 /* Pods_InstagramClone.framework in Frameworks */,
			);
			runOnlyForDeploymentPostprocessing = 0;
		};
/* End PBXFrameworksBuildPhase section */

/* Begin PBXGroup section */
		1F4617BC1FD2DAAA000C3FBC = {
			isa = PBXGroup;
			children = (
				1F4617C71FD2DAAA000C3FBC /* InstagramClone */,
				1F4617C61FD2DAAA000C3FBC /* Products */,
				2D7713202382B6033C03D905 /* Pods */,
				FEF52E3D9F6A9A1F221ADEB7 /* Frameworks */,
			);
			sourceTree = "<group>";
		};
		1F4617C61FD2DAAA000C3FBC /* Products */ = {
			isa = PBXGroup;
			children = (
				1F4617C51FD2DAAA000C3FBC /* InstagramClone.app */,
			);
			name = Products;
			sourceTree = "<group>";
		};
		1F4617C71FD2DAAA000C3FBC /* InstagramClone */ = {
			isa = PBXGroup;
			children = (
				1FB941791FE194770064B3D7 /* Camera */,
				1FE3BF021FDD710C00D60353 /* Search */,
				1FE3BEF91FDBFD6200D60353 /* Home */,
				1FE3BEF21FDB40BA00D60353 /* Models */,
				1FE3BEE91FD76F0B00D60353 /* AddPhoto */,
				1FE3BEE61FD61D9100D60353 /* Login */,
				1F4617E31FD4351F000C3FBC /* UserProfile */,
				1F4617DA1FD2F3B8000C3FBC /* Utils */,
				1F4617C81FD2DAAA000C3FBC /* AppDelegate.swift */,
				1F4617DF1FD41A53000C3FBC /* MainTabBarController.swift */,
				1F4617CC1FD2DAAA000C3FBC /* Main.storyboard */,
				1F4617CF1FD2DAAA000C3FBC /* Assets.xcassets */,
				1F4617D11FD2DAAA000C3FBC /* LaunchScreen.storyboard */,
				1F4617D41FD2DAAA000C3FBC /* Info.plist */,
				1F4617DD1FD35533000C3FBC /* GoogleService-Info.plist */,
			);
			path = InstagramClone;
			sourceTree = "<group>";
		};
		1F4617DA1FD2F3B8000C3FBC /* Utils */ = {
			isa = PBXGroup;
			children = (
				1F4617DB1FD2F3C9000C3FBC /* Extensions.swift */,
				1FE3BEF71FDB4E4C00D60353 /* CustomImageView.swift */,
				1FE3BF001FDD66FC00D60353 /* FirebaseUtils.swift */,
			);
			path = Utils;
			sourceTree = "<group>";
		};
		1F4617E31FD4351F000C3FBC /* UserProfile */ = {
			isa = PBXGroup;
			children = (
				1F4617E41FD43535000C3FBC /* UserProfileHeader.swift */,
				1F4617E11FD41B5A000C3FBC /* UserProfileController.swift */,
				1FE3BEF51FDB42AA00D60353 /* UserProfilePhotoCell.swift */,
			);
			path = UserProfile;
			sourceTree = "<group>";
		};
		1FB941791FE194770064B3D7 /* Camera */ = {
			isa = PBXGroup;
			children = (
				1FB9417A1FE1948A0064B3D7 /* CameraController.swift */,
				1FB9417C1FE301760064B3D7 /* PreviewPhotoContainerView.swift */,
				1FB9417E1FE348FC0064B3D7 /* CustomAnimationPresentor.swift */,
				1FB941801FE350FB0064B3D7 /* CustomAnimationDismisser.swift */,
			);
			path = Camera;
			sourceTree = "<group>";
		};
		1FE3BEE61FD61D9100D60353 /* Login */ = {
			isa = PBXGroup;
			children = (
				1FE3BEE71FD61DA700D60353 /* LoginController.swift */,
				1F4617CA1FD2DAAA000C3FBC /* SignUpController.swift */,
			);
			path = Login;
			sourceTree = "<group>";
		};
		1FE3BEE91FD76F0B00D60353 /* AddPhoto */ = {
			isa = PBXGroup;
			children = (
				1FE3BEEA1FD76F2F00D60353 /* PhotoSelectorController.swift */,
				1FE3BEEC1FD842FD00D60353 /* PhotoSelectorCell.swift */,
				1FE3BEEE1FD8495100D60353 /* PhotoSelectorHeader.swift */,
				1FE3BEF01FDABEBE00D60353 /* SharePhotoController.swift */,
			);
			path = AddPhoto;
			sourceTree = "<group>";
		};
		1FE3BEF21FDB40BA00D60353 /* Models */ = {
			isa = PBXGroup;
			children = (
				1FE3BEF31FDB40CB00D60353 /* Post.swift */,
				1FE3BEFE1FDCC39600D60353 /* User.swift */,
				1FB941861FE5B0280064B3D7 /* Comment.swift */,
			);
			path = Models;
			sourceTree = "<group>";
		};
		1FE3BEF91FDBFD6200D60353 /* Home */ = {
			isa = PBXGroup;
			children = (
				1FE3BEFA1FDBFD7400D60353 /* HomeController.swift */,
				1FE3BEFC1FDC024C00D60353 /* HomePostCell.swift */,
				1FB941821FE439EE0064B3D7 /* CommentsController.swift */,
				1FB941841FE5ACBC0064B3D7 /* CommentCell.swift */,
				1F7EFD7E2005862100BBE269 /* CommentInputAccessoryView.swift */,
				1F98F04B2010195600E5B032 /* CommentInputTextView.swift */,
			);
			path = Home;
			sourceTree = "<group>";
		};
		1FE3BF021FDD710C00D60353 /* Search */ = {
			isa = PBXGroup;
			children = (
				1FE3BF031FDD711F00D60353 /* UserSearchController.swift */,
				1FE3BF051FDD780500D60353 /* UserSearchCell.swift */,
			);
			path = Search;
			sourceTree = "<group>";
		};
		2D7713202382B6033C03D905 /* Pods */ = {
			isa = PBXGroup;
			children = (
				424F552A3AB49606C09B88D6 /* Pods-InstagramClone.debug.xcconfig */,
				6249AE8F415305934D656F0D /* Pods-InstagramClone.release.xcconfig */,
			);
			name = Pods;
			sourceTree = "<group>";
		};
		FEF52E3D9F6A9A1F221ADEB7 /* Frameworks */ = {
			isa = PBXGroup;
			children = (
				D89228C28093BE4A79DF5AD3 /* Pods_InstagramClone.framework */,
			);
			name = Frameworks;
			sourceTree = "<group>";
		};
/* End PBXGroup section */

/* Begin PBXNativeTarget section */
		1F4617C41FD2DAAA000C3FBC /* InstagramClone */ = {
			isa = PBXNativeTarget;
			buildConfigurationList = 1F4617D71FD2DAAA000C3FBC /* Build configuration list for PBXNativeTarget "InstagramClone" */;
			buildPhases = (
				D5511F4B0074E9381441E262 /* [CP] Check Pods Manifest.lock */,
				1F4617C11FD2DAAA000C3FBC /* Sources */,
				1F4617C21FD2DAAA000C3FBC /* Frameworks */,
				1F4617C31FD2DAAA000C3FBC /* Resources */,
				514372BF7B7180B744068FE0 /* [CP] Embed Pods Frameworks */,
				C9A79DCE0D0EE35C32CA2CCD /* [CP] Copy Pods Resources */,
			);
			buildRules = (
			);
			dependencies = (
			);
			name = InstagramClone;
			productName = InstagramClone;
			productReference = 1F4617C51FD2DAAA000C3FBC /* InstagramClone.app */;
			productType = "com.apple.product-type.application";
		};
/* End PBXNativeTarget section */

/* Begin PBXProject section */
		1F4617BD1FD2DAAA000C3FBC /* Project object */ = {
			isa = PBXProject;
			attributes = {
				LastSwiftUpdateCheck = 0910;
				LastUpgradeCheck = 0910;
				ORGANIZATIONNAME = "Nuno Pereira";
				TargetAttributes = {
					1F4617C41FD2DAAA000C3FBC = {
						CreatedOnToolsVersion = 9.1;
						ProvisioningStyle = Automatic;
					};
				};
			};
			buildConfigurationList = 1F4617C01FD2DAAA000C3FBC /* Build configuration list for PBXProject "InstagramClone" */;
			compatibilityVersion = "Xcode 8.0";
			developmentRegion = en;
			hasScannedForEncodings = 0;
			knownRegions = (
				en,
				Base,
			);
			mainGroup = 1F4617BC1FD2DAAA000C3FBC;
			productRefGroup = 1F4617C61FD2DAAA000C3FBC /* Products */;
			projectDirPath = "";
			projectRoot = "";
			targets = (
				1F4617C41FD2DAAA000C3FBC /* InstagramClone */,
			);
		};
/* End PBXProject section */

/* Begin PBXResourcesBuildPhase section */
		1F4617C31FD2DAAA000C3FBC /* Resources */ = {
			isa = PBXResourcesBuildPhase;
			buildActionMask = 2147483647;
			files = (
				1F4617D31FD2DAAA000C3FBC /* LaunchScreen.storyboard in Resources */,
				1F4617DE1FD35534000C3FBC /* GoogleService-Info.plist in Resources */,
				1F4617D01FD2DAAA000C3FBC /* Assets.xcassets in Resources */,
				1F4617CE1FD2DAAA000C3FBC /* Main.storyboard in Resources */,
			);
			runOnlyForDeploymentPostprocessing = 0;
		};
/* End PBXResourcesBuildPhase section */

/* Begin PBXShellScriptBuildPhase section */
		514372BF7B7180B744068FE0 /* [CP] Embed Pods Frameworks */ = {
			isa = PBXShellScriptBuildPhase;
			buildActionMask = 2147483647;
			files = (
			);
			inputPaths = (
				"${SRCROOT}/Pods/Target Support Files/Pods-InstagramClone/Pods-InstagramClone-frameworks.sh",
				"${BUILT_PRODUCTS_DIR}/GTMSessionFetcher/GTMSessionFetcher.framework",
				"${BUILT_PRODUCTS_DIR}/GoogleToolboxForMac/GoogleToolboxForMac.framework",
				"${BUILT_PRODUCTS_DIR}/Protobuf/Protobuf.framework",
				"${BUILT_PRODUCTS_DIR}/leveldb-library/leveldb.framework",
				"${BUILT_PRODUCTS_DIR}/nanopb/nanopb.framework",
			);
			name = "[CP] Embed Pods Frameworks";
			outputPaths = (
				"${TARGET_BUILD_DIR}/${FRAMEWORKS_FOLDER_PATH}/GTMSessionFetcher.framework",
				"${TARGET_BUILD_DIR}/${FRAMEWORKS_FOLDER_PATH}/GoogleToolboxForMac.framework",
				"${TARGET_BUILD_DIR}/${FRAMEWORKS_FOLDER_PATH}/Protobuf.framework",
				"${TARGET_BUILD_DIR}/${FRAMEWORKS_FOLDER_PATH}/leveldb.framework",
				"${TARGET_BUILD_DIR}/${FRAMEWORKS_FOLDER_PATH}/nanopb.framework",
			);
			runOnlyForDeploymentPostprocessing = 0;
			shellPath = /bin/sh;
			shellScript = "\"${SRCROOT}/Pods/Target Support Files/Pods-InstagramClone/Pods-InstagramClone-frameworks.sh\"\n";
			showEnvVarsInLog = 0;
		};
		C9A79DCE0D0EE35C32CA2CCD /* [CP] Copy Pods Resources */ = {
			isa = PBXShellScriptBuildPhase;
			buildActionMask = 2147483647;
			files = (
			);
			inputPaths = (
			);
			name = "[CP] Copy Pods Resources";
			outputPaths = (
			);
			runOnlyForDeploymentPostprocessing = 0;
			shellPath = /bin/sh;
			shellScript = "\"${SRCROOT}/Pods/Target Support Files/Pods-InstagramClone/Pods-InstagramClone-resources.sh\"\n";
			showEnvVarsInLog = 0;
		};
		D5511F4B0074E9381441E262 /* [CP] Check Pods Manifest.lock */ = {
			isa = PBXShellScriptBuildPhase;
			buildActionMask = 2147483647;
			files = (
			);
			inputPaths = (
				"${PODS_PODFILE_DIR_PATH}/Podfile.lock",
				"${PODS_ROOT}/Manifest.lock",
			);
			name = "[CP] Check Pods Manifest.lock";
			outputPaths = (
				"$(DERIVED_FILE_DIR)/Pods-InstagramClone-checkManifestLockResult.txt",
			);
			runOnlyForDeploymentPostprocessing = 0;
			shellPath = /bin/sh;
			shellScript = "diff \"${PODS_PODFILE_DIR_PATH}/Podfile.lock\" \"${PODS_ROOT}/Manifest.lock\" > /dev/null\nif [ $? != 0 ] ; then\n    # print error to STDERR\n    echo \"error: The sandbox is not in sync with the Podfile.lock. Run 'pod install' or update your CocoaPods installation.\" >&2\n    exit 1\nfi\n# This output is used by Xcode 'outputs' to avoid re-running this script phase.\necho \"SUCCESS\" > \"${SCRIPT_OUTPUT_FILE_0}\"\n";
			showEnvVarsInLog = 0;
		};
/* End PBXShellScriptBuildPhase section */

/* Begin PBXSourcesBuildPhase section */
		1F4617C11FD2DAAA000C3FBC /* Sources */ = {
			isa = PBXSourcesBuildPhase;
			buildActionMask = 2147483647;
			files = (
				1FE3BF061FDD780500D60353 /* UserSearchCell.swift in Sources */,
				1FE3BF011FDD66FC00D60353 /* FirebaseUtils.swift in Sources */,
				1FE3BEF11FDABEBF00D60353 /* SharePhotoController.swift in Sources */,
				1F4617CB1FD2DAAA000C3FBC /* SignUpController.swift in Sources */,
				1FE3BEED1FD842FD00D60353 /* PhotoSelectorCell.swift in Sources */,
				1FE3BEF81FDB4E4C00D60353 /* CustomImageView.swift in Sources */,
				1FE3BEF41FDB40CB00D60353 /* Post.swift in Sources */,
				1FE3BF041FDD711F00D60353 /* UserSearchController.swift in Sources */,
				1F4617DC1FD2F3C9000C3FBC /* Extensions.swift in Sources */,
				1FB9417F1FE348FC0064B3D7 /* CustomAnimationPresentor.swift in Sources */,
				1FB9417B1FE1948B0064B3D7 /* CameraController.swift in Sources */,
				1FE3BEF61FDB42AA00D60353 /* UserProfilePhotoCell.swift in Sources */,
				1FE3BEFF1FDCC39600D60353 /* User.swift in Sources */,
				1FB941851FE5ACBC0064B3D7 /* CommentCell.swift in Sources */,
				1F4617E01FD41A53000C3FBC /* MainTabBarController.swift in Sources */,
				1F4617E51FD43535000C3FBC /* UserProfileHeader.swift in Sources */,
				1F98F04C2010195600E5B032 /* CommentInputTextView.swift in Sources */,
				1FB941811FE350FB0064B3D7 /* CustomAnimationDismisser.swift in Sources */,
				1F4617E21FD41B5A000C3FBC /* UserProfileController.swift in Sources */,
				1F4617C91FD2DAAA000C3FBC /* AppDelegate.swift in Sources */,
				1FB9417D1FE301760064B3D7 /* PreviewPhotoContainerView.swift in Sources */,
				1F7EFD7F2005862100BBE269 /* CommentInputAccessoryView.swift in Sources */,
				1FE3BEE81FD61DA700D60353 /* LoginController.swift in Sources */,
				1FE3BEFD1FDC024C00D60353 /* HomePostCell.swift in Sources */,
				1FE3BEEF1FD8495100D60353 /* PhotoSelectorHeader.swift in Sources */,
				1FB941831FE439EE0064B3D7 /* CommentsController.swift in Sources */,
				1FE3BEEB1FD76F2F00D60353 /* PhotoSelectorController.swift in Sources */,
				1FB941871FE5B0280064B3D7 /* Comment.swift in Sources */,
				1FE3BEFB1FDBFD7400D60353 /* HomeController.swift in Sources */,
			);
			runOnlyForDeploymentPostprocessing = 0;
		};
/* End PBXSourcesBuildPhase section */

/* Begin PBXVariantGroup section */
		1F4617CC1FD2DAAA000C3FBC /* Main.storyboard */ = {
			isa = PBXVariantGroup;
			children = (
				1F4617CD1FD2DAAA000C3FBC /* Base */,
			);
			name = Main.storyboard;
			sourceTree = "<group>";
		};
		1F4617D11FD2DAAA000C3FBC /* LaunchScreen.storyboard */ = {
			isa = PBXVariantGroup;
			children = (
				1F4617D21FD2DAAA000C3FBC /* Base */,
			);
			name = LaunchScreen.storyboard;
			sourceTree = "<group>";
		};
/* End PBXVariantGroup section */

/* Begin XCBuildConfiguration section */
		1F4617D51FD2DAAA000C3FBC /* Debug */ = {
			isa = XCBuildConfiguration;
			buildSettings = {
				ALWAYS_SEARCH_USER_PATHS = NO;
				CLANG_ANALYZER_NONNULL = YES;
				CLANG_ANALYZER_NUMBER_OBJECT_CONVERSION = YES_AGGRESSIVE;
				CLANG_CXX_LANGUAGE_STANDARD = "gnu++14";
				CLANG_CXX_LIBRARY = "libc++";
				CLANG_ENABLE_MODULES = YES;
				CLANG_ENABLE_OBJC_ARC = YES;
				CLANG_WARN_BLOCK_CAPTURE_AUTORELEASING = YES;
				CLANG_WARN_BOOL_CONVERSION = YES;
				CLANG_WARN_COMMA = YES;
				CLANG_WARN_CONSTANT_CONVERSION = YES;
				CLANG_WARN_DIRECT_OBJC_ISA_USAGE = YES_ERROR;
				CLANG_WARN_DOCUMENTATION_COMMENTS = YES;
				CLANG_WARN_EMPTY_BODY = YES;
				CLANG_WARN_ENUM_CONVERSION = YES;
				CLANG_WARN_INFINITE_RECURSION = YES;
				CLANG_WARN_INT_CONVERSION = YES;
				CLANG_WARN_NON_LITERAL_NULL_CONVERSION = YES;
				CLANG_WARN_OBJC_LITERAL_CONVERSION = YES;
				CLANG_WARN_OBJC_ROOT_CLASS = YES_ERROR;
				CLANG_WARN_RANGE_LOOP_ANALYSIS = YES;
				CLANG_WARN_STRICT_PROTOTYPES = YES;
				CLANG_WARN_SUSPICIOUS_MOVE = YES;
				CLANG_WARN_UNGUARDED_AVAILABILITY = YES_AGGRESSIVE;
				CLANG_WARN_UNREACHABLE_CODE = YES;
				CLANG_WARN__DUPLICATE_METHOD_MATCH = YES;
				CODE_SIGN_IDENTITY = "iPhone Developer";
				COPY_PHASE_STRIP = NO;
				DEBUG_INFORMATION_FORMAT = dwarf;
				ENABLE_STRICT_OBJC_MSGSEND = YES;
				ENABLE_TESTABILITY = YES;
				GCC_C_LANGUAGE_STANDARD = gnu11;
				GCC_DYNAMIC_NO_PIC = NO;
				GCC_NO_COMMON_BLOCKS = YES;
				GCC_OPTIMIZATION_LEVEL = 0;
				GCC_PREPROCESSOR_DEFINITIONS = (
					"DEBUG=1",
					"$(inherited)",
				);
				GCC_WARN_64_TO_32_BIT_CONVERSION = YES;
				GCC_WARN_ABOUT_RETURN_TYPE = YES_ERROR;
				GCC_WARN_UNDECLARED_SELECTOR = YES;
				GCC_WARN_UNINITIALIZED_AUTOS = YES_AGGRESSIVE;
				GCC_WARN_UNUSED_FUNCTION = YES;
				GCC_WARN_UNUSED_VARIABLE = YES;
				IPHONEOS_DEPLOYMENT_TARGET = 11.1;
				MTL_ENABLE_DEBUG_INFO = YES;
				ONLY_ACTIVE_ARCH = YES;
				SDKROOT = iphoneos;
				SWIFT_ACTIVE_COMPILATION_CONDITIONS = DEBUG;
				SWIFT_OPTIMIZATION_LEVEL = "-Onone";
			};
			name = Debug;
		};
		1F4617D61FD2DAAA000C3FBC /* Release */ = {
			isa = XCBuildConfiguration;
			buildSettings = {
				ALWAYS_SEARCH_USER_PATHS = NO;
				CLANG_ANALYZER_NONNULL = YES;
				CLANG_ANALYZER_NUMBER_OBJECT_CONVERSION = YES_AGGRESSIVE;
				CLANG_CXX_LANGUAGE_STANDARD = "gnu++14";
				CLANG_CXX_LIBRARY = "libc++";
				CLANG_ENABLE_MODULES = YES;
				CLANG_ENABLE_OBJC_ARC = YES;
				CLANG_WARN_BLOCK_CAPTURE_AUTORELEASING = YES;
				CLANG_WARN_BOOL_CONVERSION = YES;
				CLANG_WARN_COMMA = YES;
				CLANG_WARN_CONSTANT_CONVERSION = YES;
				CLANG_WARN_DIRECT_OBJC_ISA_USAGE = YES_ERROR;
				CLANG_WARN_DOCUMENTATION_COMMENTS = YES;
				CLANG_WARN_EMPTY_BODY = YES;
				CLANG_WARN_ENUM_CONVERSION = YES;
				CLANG_WARN_INFINITE_RECURSION = YES;
				CLANG_WARN_INT_CONVERSION = YES;
				CLANG_WARN_NON_LITERAL_NULL_CONVERSION = YES;
				CLANG_WARN_OBJC_LITERAL_CONVERSION = YES;
				CLANG_WARN_OBJC_ROOT_CLASS = YES_ERROR;
				CLANG_WARN_RANGE_LOOP_ANALYSIS = YES;
				CLANG_WARN_STRICT_PROTOTYPES = YES;
				CLANG_WARN_SUSPICIOUS_MOVE = YES;
				CLANG_WARN_UNGUARDED_AVAILABILITY = YES_AGGRESSIVE;
				CLANG_WARN_UNREACHABLE_CODE = YES;
				CLANG_WARN__DUPLICATE_METHOD_MATCH = YES;
				CODE_SIGN_IDENTITY = "iPhone Developer";
				COPY_PHASE_STRIP = NO;
				DEBUG_INFORMATION_FORMAT = "dwarf-with-dsym";
				ENABLE_NS_ASSERTIONS = NO;
				ENABLE_STRICT_OBJC_MSGSEND = YES;
				GCC_C_LANGUAGE_STANDARD = gnu11;
				GCC_NO_COMMON_BLOCKS = YES;
				GCC_WARN_64_TO_32_BIT_CONVERSION = YES;
				GCC_WARN_ABOUT_RETURN_TYPE = YES_ERROR;
				GCC_WARN_UNDECLARED_SELECTOR = YES;
				GCC_WARN_UNINITIALIZED_AUTOS = YES_AGGRESSIVE;
				GCC_WARN_UNUSED_FUNCTION = YES;
				GCC_WARN_UNUSED_VARIABLE = YES;
				IPHONEOS_DEPLOYMENT_TARGET = 11.1;
				MTL_ENABLE_DEBUG_INFO = NO;
				SDKROOT = iphoneos;
				SWIFT_OPTIMIZATION_LEVEL = "-Owholemodule";
				VALIDATE_PRODUCT = YES;
			};
			name = Release;
		};
		1F4617D81FD2DAAA000C3FBC /* Debug */ = {
			isa = XCBuildConfiguration;
			baseConfigurationReference = 424F552A3AB49606C09B88D6 /* Pods-InstagramClone.debug.xcconfig */;
			buildSettings = {
				ASSETCATALOG_COMPILER_APPICON_NAME = AppIcon;
				CODE_SIGN_STYLE = Automatic;
				DEVELOPMENT_TEAM = JBEYETDGSB;
				INFOPLIST_FILE = InstagramClone/Info.plist;
				IPHONEOS_DEPLOYMENT_TARGET = 10.0;
				LD_RUNPATH_SEARCH_PATHS = "$(inherited) @executable_path/Frameworks";
				PRODUCT_BUNDLE_IDENTIFIER = com.nMfpereira.InstagramClone;
				PRODUCT_NAME = "$(TARGET_NAME)";
				SWIFT_VERSION = 4.0;
				TARGETED_DEVICE_FAMILY = "1,2";
			};
			name = Debug;
		};
		1F4617D91FD2DAAA000C3FBC /* Release */ = {
			isa = XCBuildConfiguration;
			baseConfigurationReference = 6249AE8F415305934D656F0D /* Pods-InstagramClone.release.xcconfig */;
			buildSettings = {
				ASSETCATALOG_COMPILER_APPICON_NAME = AppIcon;
				CODE_SIGN_STYLE = Automatic;
				DEVELOPMENT_TEAM = JBEYETDGSB;
				INFOPLIST_FILE = InstagramClone/Info.plist;
				IPHONEOS_DEPLOYMENT_TARGET = 10.0;
				LD_RUNPATH_SEARCH_PATHS = "$(inherited) @executable_path/Frameworks";
				PRODUCT_BUNDLE_IDENTIFIER = com.nMfpereira.InstagramClone;
				PRODUCT_NAME = "$(TARGET_NAME)";
				SWIFT_VERSION = 4.0;
				TARGETED_DEVICE_FAMILY = "1,2";
			};
			name = Release;
		};
/* End XCBuildConfiguration section */

/* Begin XCConfigurationList section */
		1F4617C01FD2DAAA000C3FBC /* Build configuration list for PBXProject "InstagramClone" */ = {
			isa = XCConfigurationList;
			buildConfigurations = (
				1F4617D51FD2DAAA000C3FBC /* Debug */,
				1F4617D61FD2DAAA000C3FBC /* Release */,
			);
			defaultConfigurationIsVisible = 0;
			defaultConfigurationName = Release;
		};
		1F4617D71FD2DAAA000C3FBC /* Build configuration list for PBXNativeTarget "InstagramClone" */ = {
			isa = XCConfigurationList;
			buildConfigurations = (
				1F4617D81FD2DAAA000C3FBC /* Debug */,
				1F4617D91FD2DAAA000C3FBC /* Release */,
			);
			defaultConfigurationIsVisible = 0;
			defaultConfigurationName = Release;
		};
/* End XCConfigurationList section */
	};
	rootObject = 1F4617BD1FD2DAAA000C3FBC /* Project object */;
}
